
Microsoft Visual Studio Solution File, Format Version 12.00
# Visual Studio Version 16
VisualStudioVersion = 16.0.29613.14
MinimumVisualStudioVersion = 10.0.40219.1
Project("{FAE04EC0-301F-11D3-BF4B-00C04F79EFBC}") = "FoodOrderAPI", "FoodOrderAPI\FoodOrderAPI.csproj", "{475074BB-A852-4AB7-8313-F2647023C4DC}"
EndProject
Global
	GlobalSection(SolutionConfigurationPlatforms) = preSolution
		Debug|Any CPU = Debug|Any CPU
		Release|Any CPU = Release|Any CPU
	EndGlobalSection
	GlobalSection(ProjectConfigurationPlatforms) = postSolution
		{475074BB-A852-4AB7-8313-F2647023C4DC}.Debug|Any CPU.ActiveCfg = Debug|Any CPU
		{475074BB-A852-4AB7-8313-F2647023C4DC}.Debug|Any CPU.Build.0 = Debug|Any CPU
		{475074BB-A852-4AB7-8313-F2647023C4DC}.Release|Any CPU.ActiveCfg = Release|Any CPU
		{475074BB-A852-4AB7-8313-F2647023C4DC}.Release|Any CPU.Build.0 = Release|Any CPU
	EndGlobalSection
	GlobalSection(SolutionProperties) = preSolution
		HideSolutionNode = FALSE
	EndGlobalSection
	GlobalSection(ExtensibilityGlobals) = postSolution
		SolutionGuid = {9A65D4B5-BAE4-48F2-AFF5-A1EED03FC0DD}
	EndGlobalSection
EndGlobal
